
Microsoft Visual Studio Solution File, Format Version 12.00
# Visual Studio Version 16
VisualStudioVersion = 16.0.31515.178
MinimumVisualStudioVersion = 10.0.40219.1
Project("{FAE04EC0-301F-11D3-BF4B-00C04F79EFBC}") = "konjac_sponges", "konjac_sponges\konjac_sponges.csproj", "{1079991C-36E7-4A40-ACB5-15B5BAE1C270}"
EndProject
Global
	GlobalSection(SolutionConfigurationPlatforms) = preSolution
		Debug|Any CPU = Debug|Any CPU
		Release|Any CPU = Release|Any CPU
	EndGlobalSection
	GlobalSection(ProjectConfigurationPlatforms) = postSolution
		{1079991C-36E7-4A40-ACB5-15B5BAE1C270}.Debug|Any CPU.ActiveCfg = Debug|Any CPU
		{1079991C-36E7-4A40-ACB5-15B5BAE1C270}.Debug|Any CPU.Build.0 = Debug|Any CPU
		{1079991C-36E7-4A40-ACB5-15B5BAE1C270}.Release|Any CPU.ActiveCfg = Release|Any CPU
		{1079991C-36E7-4A40-ACB5-15B5BAE1C270}.Release|Any CPU.Build.0 = Release|Any CPU
	EndGlobalSection
	GlobalSection(SolutionProperties) = preSolution
		HideSolutionNode = FALSE
	EndGlobalSection
	GlobalSection(ExtensibilityGlobals) = postSolution
		SolutionGuid = {FFC9DE7C-8086-4750-A159-E5BDCC7E9B18}
	EndGlobalSection
EndGlobal
